
Microsoft Visual Studio Solution File, Format Version 12.00
# Visual Studio Version 16
VisualStudioVersion = 16.0.33328.57
MinimumVisualStudioVersion = 10.0.40219.1
Project("{FAE04EC0-301F-11D3-BF4B-00C04F79EFBC}") = "TramYTe", "TramYTe.csproj", "{8F8266FE-D1FB-4F21-B6B8-0D373CEEEB3B}"
EndProject
Global
	GlobalSection(SolutionConfigurationPlatforms) = preSolution
		Debug|Any CPU = Debug|Any CPU
		Release|Any CPU = Release|Any CPU
	EndGlobalSection
	GlobalSection(ProjectConfigurationPlatforms) = postSolution
		{8F8266FE-D1FB-4F21-B6B8-0D373CEEEB3B}.Debug|Any CPU.ActiveCfg = Debug|Any CPU
		{8F8266FE-D1FB-4F21-B6B8-0D373CEEEB3B}.Debug|Any CPU.Build.0 = Debug|Any CPU
		{8F8266FE-D1FB-4F21-B6B8-0D373CEEEB3B}.Release|Any CPU.ActiveCfg = Release|Any CPU
		{8F8266FE-D1FB-4F21-B6B8-0D373CEEEB3B}.Release|Any CPU.Build.0 = Release|Any CPU
	EndGlobalSection
	GlobalSection(SolutionProperties) = preSolution
		HideSolutionNode = FALSE
	EndGlobalSection
	GlobalSection(ExtensibilityGlobals) = postSolution
		SolutionGuid = {5FCB1DD2-7C75-430A-AC27-FC4E86F55A46}
	EndGlobalSection
EndGlobal
